github.com/jorenkoyen/go-logger v0.0.1 h1:1y3Tx5dIeRO7MVMnOEzzQeH2IAFBzebyz6lOgXuZ8Qs=
github.com/jorenkoyen/go-logger v0.0.1/go.mod h1:Em8HZdCkbh/a+Fr6tc4eJHhTzJGc1fTCpc/bmk8b1vY=
go.etcd.io/bbolt v1.3.11 h1:yGEzV1wPz2yVCLsD8ZAiGHhHVlczyC9d1rP43/VCRJ0=
go.etcd.io/bbolt v1.3.11/go.mod h1:dksAq7YMXoljX0xu6VF5DMZGbhYYoLUalEiSySYAS4I=
golang.org/x/sys v0.4.0 h1:Zr2JFtRQNX3BCZ8YtxRE9hNJYC8J6I1MVbMg6owUp18=
golang.org/x/sys v0.4.0/go.mod h1:oPkhp1MJrh7nUepCBck5+mAzfO9JrbApNNgaTdGDITg=
